// !$*UTF8*$!
{
	archiveVersion = 1;
	classes = {
	};
	objectVersion = 46;
	objects = {

/* Begin PBXBuildFile section */
		FAABA93D1D72053200D5EA0F /* AppDelegate.swift in Sources */ = {isa = PBXBuildFile; fileRef = FAABA93C1D72053200D5EA0F /* AppDelegate.swift */; };
		FAABA93F1D72053200D5EA0F /* ViewController.swift in Sources */ = {isa = PBXBuildFile; fileRef = FAABA93E1D72053200D5EA0F /* ViewController.swift */; };
		FAABA9421D72053200D5EA0F /* Main.storyboard in Resources */ = {isa = PBXBuildFile; fileRef = FAABA9401D72053200D5EA0F /* Main.storyboard */; };
		FAABA9441D72053200D5EA0F /* Assets.xcassets in Resources */ = {isa = PBXBuildFile; fileRef = FAABA9431D72053200D5EA0F /* Assets.xcassets */; };
		FAABA9471D72053200D5EA0F /* LaunchScreen.storyboard in Resources */ = {isa = PBXBuildFile; fileRef = FAABA9451D72053200D5EA0F /* LaunchScreen.storyboard */; };
		FAABA9521D72053200D5EA0F /* Hackathon_AppTests.swift in Sources */ = {isa = PBXBuildFile; fileRef = FAABA9511D72053200D5EA0F /* Hackathon_AppTests.swift */; };
		FAABA95D1D72053200D5EA0F /* Hackathon_AppUITests.swift in Sources */ = {isa = PBXBuildFile; fileRef = FAABA95C1D72053200D5EA0F /* Hackathon_AppUITests.swift */; };
/* End PBXBuildFile section */

/* Begin PBXContainerItemProxy section */
		FAABA94E1D72053200D5EA0F /* PBXContainerItemProxy */ = {
			isa = PBXContainerItemProxy;
			containerPortal = FAABA9311D72053100D5EA0F /* Project object */;
			proxyType = 1;
			remoteGlobalIDString = FAABA9381D72053100D5EA0F;
			remoteInfo = "Hackathon App";
		};
		FAABA9591D72053200D5EA0F /* PBXContainerItemProxy */ = {
			isa = PBXContainerItemProxy;
			containerPortal = FAABA9311D72053100D5EA0F /* Project object */;
			proxyType = 1;
			remoteGlobalIDString = FAABA9381D72053100D5EA0F;
			remoteInfo = "Hackathon App";
		};
/* End PBXContainerItemProxy section */

/* Begin PBXFileReference section */
		FAABA9391D72053100D5EA0F /* Hackathon App.app */ = {isa = PBXFileReference; explicitFileType = wrapper.application; includeInIndex = 0; path = "Hackathon App.app"; sourceTree = BUILT_PRODUCTS_DIR; };
		FAABA93C1D72053200D5EA0F /* AppDelegate.swift */ = {isa = PBXFileReference; lastKnownFileType = sourcecode.swift; path = AppDelegate.swift; sourceTree = "<group>"; };
		FAABA93E1D72053200D5EA0F /* ViewController.swift */ = {isa = PBXFileReference; lastKnownFileType = sourcecode.swift; path = ViewController.swift; sourceTree = "<group>"; };
		FAABA9411D72053200D5EA0F /* Base */ = {isa = PBXFileReference; lastKnownFileType = file.storyboard; name = Base; path = Base.lproj/Main.storyboard; sourceTree = "<group>"; };
		FAABA9431D72053200D5EA0F /* Assets.xcassets */ = {isa = PBXFileReference; lastKnownFileType = folder.assetcatalog; path = Assets.xcassets; sourceTree = "<group>"; };
		FAABA9461D72053200D5EA0F /* Base */ = {isa = PBXFileReference; lastKnownFileType = file.storyboard; name = Base; path = Base.lproj/LaunchScreen.storyboard; sourceTree = "<group>"; };
		FAABA9481D72053200D5EA0F /* Info.plist */ = {isa = PBXFileReference; lastKnownFileType = text.plist.xml; path = Info.plist; sourceTree = "<group>"; };
		FAABA94D1D72053200D5EA0F /* Hackathon AppTests.xctest */ = {isa = PBXFileReference; explicitFileType = wrapper.cfbundle; includeInIndex = 0; path = "Hackathon AppTests.xctest"; sourceTree = BUILT_PRODUCTS_DIR; };
		FAABA9511D72053200D5EA0F /* Hackathon_AppTests.swift */ = {isa = PBXFileReference; lastKnownFileType = sourcecode.swift; path = Hackathon_AppTests.swift; sourceTree = "<group>"; };
		FAABA9531D72053200D5EA0F /* Info.plist */ = {isa = PBXFileReference; lastKnownFileType = text.plist.xml; path = Info.plist; sourceTree = "<group>"; };
		FAABA9581D72053200D5EA0F /* Hackathon AppUITests.xctest */ = {isa = PBXFileReference; explicitFileType = wrapper.cfbundle; includeInIndex = 0; path = "Hackathon AppUITests.xctest"; sourceTree = BUILT_PRODUCTS_DIR; };
		FAABA95C1D72053200D5EA0F /* Hackathon_AppUITests.swift */ = {isa = PBXFileReference; lastKnownFileType = sourcecode.swift; path = Hackathon_AppUITests.swift; sourceTree = "<group>"; };
		FAABA95E1D72053200D5EA0F /* Info.plist */ = {isa = PBXFileReference; lastKnownFileType = text.plist.xml; path = Info.plist; sourceTree = "<group>"; };
/* End PBXFileReference section */

/* Begin PBXFrameworksBuildPhase section */
		FAABA9361D72053100D5EA0F /* Frameworks */ = {
			isa = PBXFrameworksBuildPhase;
			buildActionMask = 2147483647;
			files = (
			);
			runOnlyForDeploymentPostprocessing = 0;
		};
		FAABA94A1D72053200D5EA0F /* Frameworks */ = {
			isa = PBXFrameworksBuildPhase;
			buildActionMask = 2147483647;
			files = (
			);
			runOnlyForDeploymentPostprocessing = 0;
		};
		FAABA9551D72053200D5EA0F /* Frameworks */ = {
			isa = PBXFrameworksBuildPhase;
			buildActionMask = 2147483647;
			files = (
			);
			runOnlyForDeploymentPostprocessing = 0;
		};
/* End PBXFrameworksBuildPhase section */

/* Begin PBXGroup section */
		FAABA9301D72053100D5EA0F = {
			isa = PBXGroup;
			children = (
				FAABA93B1D72053200D5EA0F /* Hackathon App */,
				FAABA9501D72053200D5EA0F /* Hackathon AppTests */,
				FAABA95B1D72053200D5EA0F /* Hackathon AppUITests */,
				FAABA93A1D72053100D5EA0F /* Products */,
			);
			sourceTree = "<group>";
		};
		FAABA93A1D72053100D5EA0F /* Products */ = {
			isa = PBXGroup;
			children = (
				FAABA9391D72053100D5EA0F /* Hackathon App.app */,
				FAABA94D1D72053200D5EA0F /* Hackathon AppTests.xctest */,
				FAABA9581D72053200D5EA0F /* Hackathon AppUITests.xctest */,
			);
			name = Products;
			sourceTree = "<group>";
		};
		FAABA93B1D72053200D5EA0F /* Hackathon App */ = {
			isa = PBXGroup;
			children = (
				FAABA93C1D72053200D5EA0F /* AppDelegate.swift */,
				FAABA93E1D72053200D5EA0F /* ViewController.swift */,
				FAABA9401D72053200D5EA0F /* Main.storyboard */,
				FAABA9431D72053200D5EA0F /* Assets.xcassets */,
				FAABA9451D72053200D5EA0F /* LaunchScreen.storyboard */,
				FAABA9481D72053200D5EA0F /* Info.plist */,
			);
			path = "Hackathon App";
			sourceTree = "<group>";
		};
		FAABA9501D72053200D5EA0F /* Hackathon AppTests */ = {
			isa = PBXGroup;
			children = (
				FAABA9511D72053200D5EA0F /* Hackathon_AppTests.swift */,
				FAABA9531D72053200D5EA0F /* Info.plist */,
			);
			path = "Hackathon AppTests";
			sourceTree = "<group>";
		};
		FAABA95B1D72053200D5EA0F /* Hackathon AppUITests */ = {
			isa = PBXGroup;
			children = (
				FAABA95C1D72053200D5EA0F /* Hackathon_AppUITests.swift */,
				FAABA95E1D72053200D5EA0F /* Info.plist */,
			);
			path = "Hackathon AppUITests";
			sourceTree = "<group>";
		};
/* End PBXGroup section */

/* Begin PBXNativeTarget section */
		FAABA9381D72053100D5EA0F /* Hackathon App */ = {
			isa = PBXNativeTarget;
			buildConfigurationList = FAABA9611D72053200D5EA0F /* Build configuration list for PBXNativeTarget "Hackathon App" */;
			buildPhases = (
				FAABA9351D72053100D5EA0F /* Sources */,
				FAABA9361D72053100D5EA0F /* Frameworks */,
				FAABA9371D72053100D5EA0F /* Resources */,
			);
			buildRules = (
			);
			dependencies = (
			);
			name = "Hackathon App";
			productName = "Hackathon App";
			productReference = FAABA9391D72053100D5EA0F /* Hackathon App.app */;
			productType = "com.apple.product-type.application";
		};
		FAABA94C1D72053200D5EA0F /* Hackathon AppTests */ = {
			isa = PBXNativeTarget;
			buildConfigurationList = FAABA9641D72053200D5EA0F /* Build configuration list for PBXNativeTarget "Hackathon AppTests" */;
			buildPhases = (
				FAABA9491D72053200D5EA0F /* Sources */,
				FAABA94A1D72053200D5EA0F /* Frameworks */,
				FAABA94B1D72053200D5EA0F /* Resources */,
			);
			buildRules = (
			);
			dependencies = (
				FAABA94F1D72053200D5EA0F /* PBXTargetDependency */,
			);
			name = "Hackathon AppTests";
			productName = "Hackathon AppTests";
			productReference = FAABA94D1D72053200D5EA0F /* Hackathon AppTests.xctest */;
			productType = "com.apple.product-type.bundle.unit-test";
		};
		FAABA9571D72053200D5EA0F /* Hackathon AppUITests */ = {
			isa = PBXNativeTarget;
			buildConfigurationList = FAABA9671D72053200D5EA0F /* Build configuration list for PBXNativeTarget "Hackathon AppUITests" */;
			buildPhases = (
				FAABA9541D72053200D5EA0F /* Sources */,
				FAABA9551D72053200D5EA0F /* Frameworks */,
				FAABA9561D72053200D5EA0F /* Resources */,
			);
			buildRules = (
			);
			dependencies = (
				FAABA95A1D72053200D5EA0F /* PBXTargetDependency */,
			);
			name = "Hackathon AppUITests";
			productName = "Hackathon AppUITests";
			productReference = FAABA9581D72053200D5EA0F /* Hackathon AppUITests.xctest */;
			productType = "com.apple.product-type.bundle.ui-testing";
		};
/* End PBXNativeTarget section */

/* Begin PBXProject section */
		FAABA9311D72053100D5EA0F /* Project object */ = {
			isa = PBXProject;
			attributes = {
				LastSwiftUpdateCheck = 0730;
				LastUpgradeCheck = 0730;
				ORGANIZATIONNAME = "Alex Elizondo";
				TargetAttributes = {
					FAABA9381D72053100D5EA0F = {
						CreatedOnToolsVersion = 7.3.1;
						DevelopmentTeam = 5M2254BM37;
					};
					FAABA94C1D72053200D5EA0F = {
						CreatedOnToolsVersion = 7.3.1;
						DevelopmentTeam = 5M2254BM37;
						TestTargetID = FAABA9381D72053100D5EA0F;
					};
					FAABA9571D72053200D5EA0F = {
						CreatedOnToolsVersion = 7.3.1;
						DevelopmentTeam = 5M2254BM37;
						TestTargetID = FAABA9381D72053100D5EA0F;
					};
				};
			};
			buildConfigurationList = FAABA9341D72053100D5EA0F /* Build configuration list for PBXProject "Hackathon App" */;
			compatibilityVersion = "Xcode 3.2";
			developmentRegion = English;
			hasScannedForEncodings = 0;
			knownRegions = (
				en,
				Base,
			);
			mainGroup = FAABA9301D72053100D5EA0F;
			productRefGroup = FAABA93A1D72053100D5EA0F /* Products */;
			projectDirPath = "";
			projectRoot = "";
			targets = (
				FAABA9381D72053100D5EA0F /* Hackathon App */,
				FAABA94C1D72053200D5EA0F /* Hackathon AppTests */,
				FAABA9571D72053200D5EA0F /* Hackathon AppUITests */,
			);
		};
/* End PBXProject section */

/* Begin PBXResourcesBuildPhase section */
		FAABA9371D72053100D5EA0F /* Resources */ = {
			isa = PBXResourcesBuildPhase;
			buildActionMask = 2147483647;
			files = (
				FAABA9471D72053200D5EA0F /* LaunchScreen.storyboard in Resources */,
				FAABA9441D72053200D5EA0F /* Assets.xcassets in Resources */,
				FAABA9421D72053200D5EA0F /* Main.storyboard in Resources */,
			);
			runOnlyForDeploymentPostprocessing = 0;
		};
		FAABA94B1D72053200D5EA0F /* Resources */ = {
			isa = PBXResourcesBuildPhase;
			buildActionMask = 2147483647;
			files = (
			);
			runOnlyForDeploymentPostprocessing = 0;
		};
		FAABA9561D72053200D5EA0F /* Resources */ = {
			isa = PBXResourcesBuildPhase;
			buildActionMask = 2147483647;
			files = (
			);
			runOnlyForDeploymentPostprocessing = 0;
		};
/* End PBXResourcesBuildPhase section */

/* Begin PBXSourcesBuildPhase section */
		FAABA9351D72053100D5EA0F /* Sources */ = {
			isa = PBXSourcesBuildPhase;
			buildActionMask = 2147483647;
			files = (
				FAABA93F1D72053200D5EA0F /* ViewController.swift in Sources */,
				FAABA93D1D72053200D5EA0F /* AppDelegate.swift in Sources */,
			);
			runOnlyForDeploymentPostprocessing = 0;
		};
		FAABA9491D72053200D5EA0F /* Sources */ = {
			isa = PBXSourcesBuildPhase;
			buildActionMask = 2147483647;
			files = (
				FAABA9521D72053200D5EA0F /* Hackathon_AppTests.swift in Sources */,
			);
			runOnlyForDeploymentPostprocessing = 0;
		};
		FAABA9541D72053200D5EA0F /* Sources */ = {
			isa = PBXSourcesBuildPhase;
			buildActionMask = 2147483647;
			files = (
				FAABA95D1D72053200D5EA0F /* Hackathon_AppUITests.swift in Sources */,
			);
			runOnlyForDeploymentPostprocessing = 0;
		};
/* End PBXSourcesBuildPhase section */

/* Begin PBXTargetDependency section */
		FAABA94F1D72053200D5EA0F /* PBXTargetDependency */ = {
			isa = PBXTargetDependency;
			target = FAABA9381D72053100D5EA0F /* Hackathon App */;
			targetProxy = FAABA94E1D72053200D5EA0F /* PBXContainerItemProxy */;
		};
		FAABA95A1D72053200D5EA0F /* PBXTargetDependency */ = {
			isa = PBXTargetDependency;
			target = FAABA9381D72053100D5EA0F /* Hackathon App */;
			targetProxy = FAABA9591D72053200D5EA0F /* PBXContainerItemProxy */;
		};
/* End PBXTargetDependency section */

/* Begin PBXVariantGroup section */
		FAABA9401D72053200D5EA0F /* Main.storyboard */ = {
			isa = PBXVariantGroup;
			children = (
				FAABA9411D72053200D5EA0F /* Base */,
			);
			name = Main.storyboard;
			sourceTree = "<group>";
		};
		FAABA9451D72053200D5EA0F /* LaunchScreen.storyboard */ = {
			isa = PBXVariantGroup;
			children = (
				FAABA9461D72053200D5EA0F /* Base */,
			);
			name = LaunchScreen.storyboard;
			sourceTree = "<group>";
		};
/* End PBXVariantGroup section */

/* Begin XCBuildConfiguration section */
		FAABA95F1D72053200D5EA0F /* Debug */ = {
			isa = XCBuildConfiguration;
			buildSettings = {
				ALWAYS_SEARCH_USER_PATHS = NO;
				CLANG_ANALYZER_NONNULL = YES;
				CLANG_CXX_LANGUAGE_STANDARD = "gnu++0x";
				CLANG_CXX_LIBRARY = "libc++";
				CLANG_ENABLE_MODULES = YES;
				CLANG_ENABLE_OBJC_ARC = YES;
				CLANG_WARN_BOOL_CONVERSION = YES;
				CLANG_WARN_CONSTANT_CONVERSION = YES;
				CLANG_WARN_DIRECT_OBJC_ISA_USAGE = YES_ERROR;
				CLANG_WARN_EMPTY_BODY = YES;
				CLANG_WARN_ENUM_CONVERSION = YES;
				CLANG_WARN_INT_CONVERSION = YES;
				CLANG_WARN_OBJC_ROOT_CLASS = YES_ERROR;
				CLANG_WARN_UNREACHABLE_CODE = YES;
				CLANG_WARN__DUPLICATE_METHOD_MATCH = YES;
				"CODE_SIGN_IDENTITY[sdk=iphoneos*]" = "iPhone Developer";
				COPY_PHASE_STRIP = NO;
				DEBUG_INFORMATION_FORMAT = dwarf;
				ENABLE_STRICT_OBJC_MSGSEND = YES;
				ENABLE_TESTABILITY = YES;
				GCC_C_LANGUAGE_STANDARD = gnu99;
				GCC_DYNAMIC_NO_PIC = NO;
				GCC_NO_COMMON_BLOCKS = YES;
				GCC_OPTIMIZATION_LEVEL = 0;
				GCC_PREPROCESSOR_DEFINITIONS = (
					"DEBUG=1",
					"$(inherited)",
				);
				GCC_WARN_64_TO_32_BIT_CONVERSION = YES;
				GCC_WARN_ABOUT_RETURN_TYPE = YES_ERROR;
				GCC_WARN_UNDECLARED_SELECTOR = YES;
				GCC_WARN_UNINITIALIZED_AUTOS = YES_AGGRESSIVE;
				GCC_WARN_UNUSED_FUNCTION = YES;
				GCC_WARN_UNUSED_VARIABLE = YES;
				IPHONEOS_DEPLOYMENT_TARGET = 9.3;
				MTL_ENABLE_DEBUG_INFO = YES;
				ONLY_ACTIVE_ARCH = YES;
				SDKROOT = iphoneos;
				SWIFT_OPTIMIZATION_LEVEL = "-Onone";
			};
			name = Debug;
		};
		FAABA9601D72053200D5EA0F /* Release */ = {
			isa = XCBuildConfiguration;
			buildSettings = {
				ALWAYS_SEARCH_USER_PATHS = NO;
				CLANG_ANALYZER_NONNULL = YES;
				CLANG_CXX_LANGUAGE_STANDARD = "gnu++0x";
				CLANG_CXX_LIBRARY = "libc++";
				CLANG_ENABLE_MODULES = YES;
				CLANG_ENABLE_OBJC_ARC = YES;
				CLANG_WARN_BOOL_CONVERSION = YES;
				CLANG_WARN_CONSTANT_CONVERSION = YES;
				CLANG_WARN_DIRECT_OBJC_ISA_USAGE = YES_ERROR;
				CLANG_WARN_EMPTY_BODY = YES;
				CLANG_WARN_ENUM_CONVERSION = YES;
				CLANG_WARN_INT_CONVERSION = YES;
				CLANG_WARN_OBJC_ROOT_CLASS = YES_ERROR;
				CLANG_WARN_UNREACHABLE_CODE = YES;
				CLANG_WARN__DUPLICATE_METHOD_MATCH = YES;
				"CODE_SIGN_IDENTITY[sdk=iphoneos*]" = "iPhone Developer";
				COPY_PHASE_STRIP = NO;
				DEBUG_INFORMATION_FORMAT = "dwarf-with-dsym";
				ENABLE_NS_ASSERTIONS = NO;
				ENABLE_STRICT_OBJC_MSGSEND = YES;
				GCC_C_LANGUAGE_STANDARD = gnu99;
				GCC_NO_COMMON_BLOCKS = YES;
				GCC_WARN_64_TO_32_BIT_CONVERSION = YES;
				GCC_WARN_ABOUT_RETURN_TYPE = YES_ERROR;
				GCC_WARN_UNDECLARED_SELECTOR = YES;
				GCC_WARN_UNINITIALIZED_AUTOS = YES_AGGRESSIVE;
				GCC_WARN_UNUSED_FUNCTION = YES;
				GCC_WARN_UNUSED_VARIABLE = YES;
				IPHONEOS_DEPLOYMENT_TARGET = 9.3;
				MTL_ENABLE_DEBUG_INFO = NO;
				SDKROOT = iphoneos;
				VALIDATE_PRODUCT = YES;
			};
			name = Release;
		};
		FAABA9621D72053200D5EA0F /* Debug */ = {
			isa = XCBuildConfiguration;
			buildSettings = {
				ASSETCATALOG_COMPILER_APPICON_NAME = AppIcon;
				INFOPLIST_FILE = "Hackathon App/Info.plist";
				LD_RUNPATH_SEARCH_PATHS = "$(inherited) @executable_path/Frameworks";
				PRODUCT_BUNDLE_IDENTIFIER = "ITESM.Hackathon-App";
				PRODUCT_NAME = "$(TARGET_NAME)";
			};
			name = Debug;
		};
		FAABA9631D72053200D5EA0F /* Release */ = {
			isa = XCBuildConfiguration;
			buildSettings = {
				ASSETCATALOG_COMPILER_APPICON_NAME = AppIcon;
				INFOPLIST_FILE = "Hackathon App/Info.plist";
				LD_RUNPATH_SEARCH_PATHS = "$(inherited) @executable_path/Frameworks";
				PRODUCT_BUNDLE_IDENTIFIER = "ITESM.Hackathon-App";
				PRODUCT_NAME = "$(TARGET_NAME)";
			};
			name = Release;
		};
		FAABA9651D72053200D5EA0F /* Debug */ = {
			isa = XCBuildConfiguration;
			buildSettings = {
				BUNDLE_LOADER = "$(TEST_HOST)";
				INFOPLIST_FILE = "Hackathon AppTests/Info.plist";
				LD_RUNPATH_SEARCH_PATHS = "$(inherited) @executable_path/Frameworks @loader_path/Frameworks";
				PRODUCT_BUNDLE_IDENTIFIER = "ITESM.Hackathon-AppTests";
				PRODUCT_NAME = "$(TARGET_NAME)";
				TEST_HOST = "$(BUILT_PRODUCTS_DIR)/Hackathon App.app/Hackathon App";
			};
			name = Debug;
		};
		FAABA9661D72053200D5EA0F /* Release */ = {
			isa = XCBuildConfiguration;
			buildSettings = {
				BUNDLE_LOADER = "$(TEST_HOST)";
				INFOPLIST_FILE = "Hackathon AppTests/Info.plist";
				LD_RUNPATH_SEARCH_PATHS = "$(inherited) @executable_path/Frameworks @loader_path/Frameworks";
				PRODUCT_BUNDLE_IDENTIFIER = "ITESM.Hackathon-AppTests";
				PRODUCT_NAME = "$(TARGET_NAME)";
				TEST_HOST = "$(BUILT_PRODUCTS_DIR)/Hackathon App.app/Hackathon App";
			};
			name = Release;
		};
		FAABA9681D72053200D5EA0F /* Debug */ = {
			isa = XCBuildConfiguration;
			buildSettings = {
				INFOPLIST_FILE = "Hackathon AppUITests/Info.plist";
				LD_RUNPATH_SEARCH_PATHS = "$(inherited) @executable_path/Frameworks @loader_path/Frameworks";
				PRODUCT_BUNDLE_IDENTIFIER = "ITESM.Hackathon-AppUITests";
				PRODUCT_NAME = "$(TARGET_NAME)";
				TEST_TARGET_NAME = "Hackathon App";
			};
			name = Debug;
		};
		FAABA9691D72053200D5EA0F /* Release */ = {
			isa = XCBuildConfiguration;
			buildSettings = {
				INFOPLIST_FILE = "Hackathon AppUITests/Info.plist";
				LD_RUNPATH_SEARCH_PATHS = "$(inherited) @executable_path/Frameworks @loader_path/Frameworks";
				PRODUCT_BUNDLE_IDENTIFIER = "ITESM.Hackathon-AppUITests";
				PRODUCT_NAME = "$(TARGET_NAME)";
				TEST_TARGET_NAME = "Hackathon App";
			};
			name = Release;
		};
/* End XCBuildConfiguration section */

/* Begin XCConfigurationList section */
		FAABA9341D72053100D5EA0F /* Build configuration list for PBXProject "Hackathon App" */ = {
			isa = XCConfigurationList;
			buildConfigurations = (
				FAABA95F1D72053200D5EA0F /* Debug */,
				FAABA9601D72053200D5EA0F /* Release */,
			);
			defaultConfigurationIsVisible = 0;
			defaultConfigurationName = Release;
		};
		FAABA9611D72053200D5EA0F /* Build configuration list for PBXNativeTarget "Hackathon App" */ = {
			isa = XCConfigurationList;
			buildConfigurations = (
				FAABA9621D72053200D5EA0F /* Debug */,
				FAABA9631D72053200D5EA0F /* Release */,
			);
			defaultConfigurationIsVisible = 0;
		};
		FAABA9641D72053200D5EA0F /* Build configuration list for PBXNativeTarget "Hackathon AppTests" */ = {
			isa = XCConfigurationList;
			buildConfigurations = (
				FAABA9651D72053200D5EA0F /* Debug */,
				FAABA9661D72053200D5EA0F /* Release */,
			);
			defaultConfigurationIsVisible = 0;
		};
		FAABA9671D72053200D5EA0F /* Build configuration list for PBXNativeTarget "Hackathon AppUITests" */ = {
			isa = XCConfigurationList;
			buildConfigurations = (
				FAABA9681D72053200D5EA0F /* Debug */,
				FAABA9691D72053200D5EA0F /* Release */,
			);
			defaultConfigurationIsVisible = 0;
		};
/* End XCConfigurationList section */
	};
	rootObject = FAABA9311D72053100D5EA0F /* Project object */;
}
